
Microsoft Visual Studio Solution File, Format Version 12.00
# Visual Studio Version 17
VisualStudioVersion = 17.13.35825.156 d17.13
MinimumVisualStudioVersion = 10.0.40219.1
Project("{8BC9CEB8-8B4A-11D0-8D11-00A0C91BC942}") = "mth_ttr2", "mth_ttr2\mth_ttr2.vcxproj", "{3F9098F0-CA1F-4FBD-A51C-07B1EB416867}"
EndProject
Global
	GlobalSection(SolutionConfigurationPlatforms) = preSolution
		Debug|x64 = Debug|x64
		Debug|x86 = Debug|x86
		Release|x64 = Release|x64
		Release|x86 = Release|x86
	EndGlobalSection
	GlobalSection(ProjectConfigurationPlatforms) = postSolution
		{3F9098F0-CA1F-4FBD-A51C-07B1EB416867}.Debug|x64.ActiveCfg = Debug|x64
		{3F9098F0-CA1F-4FBD-A51C-07B1EB416867}.Debug|x64.Build.0 = Debug|x64
		{3F9098F0-CA1F-4FBD-A51C-07B1EB416867}.Debug|x86.ActiveCfg = Debug|Win32
		{3F9098F0-CA1F-4FBD-A51C-07B1EB416867}.Debug|x86.Build.0 = Debug|Win32
		{3F9098F0-CA1F-4FBD-A51C-07B1EB416867}.Release|x64.ActiveCfg = Release|x64
		{3F9098F0-CA1F-4FBD-A51C-07B1EB416867}.Release|x64.Build.0 = Release|x64
		{3F9098F0-CA1F-4FBD-A51C-07B1EB416867}.Release|x86.ActiveCfg = Release|Win32
		{3F9098F0-CA1F-4FBD-A51C-07B1EB416867}.Release|x86.Build.0 = Release|Win32
	EndGlobalSection
	GlobalSection(SolutionProperties) = preSolution
		HideSolutionNode = FALSE
	EndGlobalSection
	GlobalSection(ExtensibilityGlobals) = postSolution
		SolutionGuid = {7742C807-D2F3-49AB-880D-FFB78DA0D94E}
	EndGlobalSection
EndGlobal
